
Microsoft Visual Studio Solution File, Format Version 12.00
# Visual Studio 15
VisualStudioVersion = 15.0.28010.2016
MinimumVisualStudioVersion = 10.0.40219.1
Project("{FAE04EC0-301F-11D3-BF4B-00C04F79EFBC}") = "jrasmussen2018", "jrasmussen2018\jrasmussen2018.csproj", "{6DB2BCEC-E747-42FE-A81F-F95B8D5899A6}"
EndProject
Project("{FAE04EC0-301F-11D3-BF4B-00C04F79EFBC}") = "jrasmussen1c1", "jrasmussen1c1\jrasmussen1c1.csproj", "{06D4B29E-644E-4DD1-AE14-B67089CB3DED}"
EndProject
Project("{FAE04EC0-301F-11D3-BF4B-00C04F79EFBC}") = "jrasmussen1d1", "jrasmussen1d1\jrasmussen1d1.csproj", "{92A04D03-46F1-4878-AB13-50B489C2D15A}"
EndProject
Project("{FAE04EC0-301F-11D3-BF4B-00C04F79EFBC}") = "1E1", "1E1\1E1.csproj", "{95822E98-9DD0-4F1F-8D33-4FE29FF17E7A}"
EndProject
Project("{FAE04EC0-301F-11D3-BF4B-00C04F79EFBC}") = "jrasmussen1F1", "jrasmussen1F1\jrasmussen1F1.csproj", "{7A21B5D3-F8CA-4DED-934C-C1EEDCD9A6E8}"
EndProject
Global
	GlobalSection(SolutionConfigurationPlatforms) = preSolution
		Debug|Any CPU = Debug|Any CPU
		Release|Any CPU = Release|Any CPU
	EndGlobalSection
	GlobalSection(ProjectConfigurationPlatforms) = postSolution
		{6DB2BCEC-E747-42FE-A81F-F95B8D5899A6}.Debug|Any CPU.ActiveCfg = Debug|Any CPU
		{6DB2BCEC-E747-42FE-A81F-F95B8D5899A6}.Debug|Any CPU.Build.0 = Debug|Any CPU
		{6DB2BCEC-E747-42FE-A81F-F95B8D5899A6}.Release|Any CPU.ActiveCfg = Release|Any CPU
		{6DB2BCEC-E747-42FE-A81F-F95B8D5899A6}.Release|Any CPU.Build.0 = Release|Any CPU
		{06D4B29E-644E-4DD1-AE14-B67089CB3DED}.Debug|Any CPU.ActiveCfg = Debug|Any CPU
		{06D4B29E-644E-4DD1-AE14-B67089CB3DED}.Debug|Any CPU.Build.0 = Debug|Any CPU
		{06D4B29E-644E-4DD1-AE14-B67089CB3DED}.Release|Any CPU.ActiveCfg = Release|Any CPU
		{06D4B29E-644E-4DD1-AE14-B67089CB3DED}.Release|Any CPU.Build.0 = Release|Any CPU
		{92A04D03-46F1-4878-AB13-50B489C2D15A}.Debug|Any CPU.ActiveCfg = Debug|Any CPU
		{92A04D03-46F1-4878-AB13-50B489C2D15A}.Debug|Any CPU.Build.0 = Debug|Any CPU
		{92A04D03-46F1-4878-AB13-50B489C2D15A}.Release|Any CPU.ActiveCfg = Release|Any CPU
		{92A04D03-46F1-4878-AB13-50B489C2D15A}.Release|Any CPU.Build.0 = Release|Any CPU
		{95822E98-9DD0-4F1F-8D33-4FE29FF17E7A}.Debug|Any CPU.ActiveCfg = Debug|Any CPU
		{95822E98-9DD0-4F1F-8D33-4FE29FF17E7A}.Debug|Any CPU.Build.0 = Debug|Any CPU
		{95822E98-9DD0-4F1F-8D33-4FE29FF17E7A}.Release|Any CPU.ActiveCfg = Release|Any CPU
		{95822E98-9DD0-4F1F-8D33-4FE29FF17E7A}.Release|Any CPU.Build.0 = Release|Any CPU
		{7A21B5D3-F8CA-4DED-934C-C1EEDCD9A6E8}.Debug|Any CPU.ActiveCfg = Debug|Any CPU
		{7A21B5D3-F8CA-4DED-934C-C1EEDCD9A6E8}.Debug|Any CPU.Build.0 = Debug|Any CPU
		{7A21B5D3-F8CA-4DED-934C-C1EEDCD9A6E8}.Release|Any CPU.ActiveCfg = Release|Any CPU
		{7A21B5D3-F8CA-4DED-934C-C1EEDCD9A6E8}.Release|Any CPU.Build.0 = Release|Any CPU
	EndGlobalSection
	GlobalSection(SolutionProperties) = preSolution
		HideSolutionNode = FALSE
	EndGlobalSection
	GlobalSection(ExtensibilityGlobals) = postSolution
		SolutionGuid = {DFA74D8F-8ABA-42C3-9ADB-5D5E4B8001CA}
	EndGlobalSection
EndGlobal
